/var/lib/neutron/lock:
total 8
drwxr-x--- 2 neutron neutron ? 4096 Feb 10 16:09 .
drwxr-xr-x 7 neutron neutron ? 4096 Feb 10 16:15 ..
-rw-r--r-- 1 neutron neutron ?    0 Feb 10 16:09 neutron-iptables-fip-32981f34-497a-4fae-914a-8576055c8d0d
-rw-r--r-- 1 neutron neutron ?    0 Feb 10 16:09 neutron-iptables-qrouter-984c22fd-64b3-4fa1-8ddd-87090f401ce5
-rw-r--r-- 1 neutron neutron ?    0 Feb 10 16:09 neutron-iptables-snat-984c22fd-64b3-4fa1-8ddd-87090f401ce5
